// !$*UTF8*$!
{
	archiveVersion = 1;
	classes = {
	};
	objectVersion = 77;
	objects = {

/* Begin PBXBuildFile section */
		0497BD4F2E8294B3002F3FBD /* Tagged in Frameworks */ = {isa = PBXBuildFile; productRef = 0497BD4E2E8294B3002F3FBD /* Tagged */; };
		04FE1A4D2E7EB74C00F2E306 /* ComposableArchitecture in Frameworks */ = {isa = PBXBuildFile; productRef = 04FE1A4C2E7EB74C00F2E306 /* ComposableArchitecture */; };
/* End PBXBuildFile section */

/* Begin PBXContainerItemProxy section */
		04FE1A2F2E7EB6BB00F2E306 /* PBXContainerItemProxy */ = {
			isa = PBXContainerItemProxy;
			containerPortal = 04FE1A192E7EB6B900F2E306 /* Project object */;
			proxyType = 1;
			remoteGlobalIDString = 04FE1A202E7EB6B900F2E306;
			remoteInfo = TCA.Standups;
		};
/* End PBXContainerItemProxy section */

/* Begin PBXFileReference section */
		04BD8B902E9515430052338D /* TCA.Standups.xctestplan */ = {isa = PBXFileReference; lastKnownFileType = text; path = TCA.Standups.xctestplan; sourceTree = "<group>"; };
		04CE907C2E9515570087F6C0 /* TCA.Standups.xctestplan */ = {isa = PBXFileReference; lastKnownFileType = text; path = TCA.Standups.xctestplan; sourceTree = "<group>"; };
		04FE1A212E7EB6B900F2E306 /* TCA.Standups.app */ = {isa = PBXFileReference; explicitFileType = wrapper.application; includeInIndex = 0; path = TCA.Standups.app; sourceTree = BUILT_PRODUCTS_DIR; };
		04FE1A2E2E7EB6BB00F2E306 /* TCA.StandupsTests.xctest */ = {isa = PBXFileReference; explicitFileType = wrapper.cfbundle; includeInIndex = 0; path = TCA.StandupsTests.xctest; sourceTree = BUILT_PRODUCTS_DIR; };
/* End PBXFileReference section */

/* Begin PBXFileSystemSynchronizedRootGroup section */
		04FE1A232E7EB6B900F2E306 /* TCA.Standups */ = {
			isa = PBXFileSystemSynchronizedRootGroup;
			path = TCA.Standups;
			sourceTree = "<group>";
		};
		04FE1A312E7EB6BB00F2E306 /* TCA.StandupsTests */ = {
			isa = PBXFileSystemSynchronizedRootGroup;
			path = TCA.StandupsTests;
			sourceTree = "<group>";
		};
/* End PBXFileSystemSynchronizedRootGroup section */

/* Begin PBXFrameworksBuildPhase section */
		04FE1A1E2E7EB6B900F2E306 /* Frameworks */ = {
			isa = PBXFrameworksBuildPhase;
			buildActionMask = 2147483647;
			files = (
				0497BD4F2E8294B3002F3FBD /* Tagged in Frameworks */,
				04FE1A4D2E7EB74C00F2E306 /* ComposableArchitecture in Frameworks */,
			);
			runOnlyForDeploymentPostprocessing = 0;
		};
		04FE1A2B2E7EB6BB00F2E306 /* Frameworks */ = {
			isa = PBXFrameworksBuildPhase;
			buildActionMask = 2147483647;
			files = (
			);
			runOnlyForDeploymentPostprocessing = 0;
		};
/* End PBXFrameworksBuildPhase section */

/* Begin PBXGroup section */
		04FE1A182E7EB6B900F2E306 = {
			isa = PBXGroup;
			children = (
				04CE907C2E9515570087F6C0 /* TCA.Standups.xctestplan */,
				04BD8B902E9515430052338D /* TCA.Standups.xctestplan */,
				04FE1A232E7EB6B900F2E306 /* TCA.Standups */,
				04FE1A312E7EB6BB00F2E306 /* TCA.StandupsTests */,
				04FE1A222E7EB6B900F2E306 /* Products */,
			);
			sourceTree = "<group>";
		};
		04FE1A222E7EB6B900F2E306 /* Products */ = {
			isa = PBXGroup;
			children = (
				04FE1A212E7EB6B900F2E306 /* TCA.Standups.app */,
				04FE1A2E2E7EB6BB00F2E306 /* TCA.StandupsTests.xctest */,
			);
			name = Products;
			sourceTree = "<group>";
		};
/* End PBXGroup section */

/* Begin PBXNativeTarget section */
		04FE1A202E7EB6B900F2E306 /* TCA.Standups */ = {
			isa = PBXNativeTarget;
			buildConfigurationList = 04FE1A422E7EB6BB00F2E306 /* Build configuration list for PBXNativeTarget "TCA.Standups" */;
			buildPhases = (
				04FE1A1D2E7EB6B900F2E306 /* Sources */,
				04FE1A1E2E7EB6B900F2E306 /* Frameworks */,
				04FE1A1F2E7EB6B900F2E306 /* Resources */,
			);
			buildRules = (
			);
			dependencies = (
			);
			fileSystemSynchronizedGroups = (
				04FE1A232E7EB6B900F2E306 /* TCA.Standups */,
			);
			name = TCA.Standups;
			packageProductDependencies = (
				04FE1A4C2E7EB74C00F2E306 /* ComposableArchitecture */,
				0497BD4E2E8294B3002F3FBD /* Tagged */,
			);
			productName = TCA.Standups;
			productReference = 04FE1A212E7EB6B900F2E306 /* TCA.Standups.app */;
			productType = "com.apple.product-type.application";
		};
		04FE1A2D2E7EB6BB00F2E306 /* TCA.StandupsTests */ = {
			isa = PBXNativeTarget;
			buildConfigurationList = 04FE1A452E7EB6BB00F2E306 /* Build configuration list for PBXNativeTarget "TCA.StandupsTests" */;
			buildPhases = (
				04FE1A2A2E7EB6BB00F2E306 /* Sources */,
				04FE1A2B2E7EB6BB00F2E306 /* Frameworks */,
				04FE1A2C2E7EB6BB00F2E306 /* Resources */,
			);
			buildRules = (
			);
			dependencies = (
				04FE1A302E7EB6BB00F2E306 /* PBXTargetDependency */,
			);
			fileSystemSynchronizedGroups = (
				04FE1A312E7EB6BB00F2E306 /* TCA.StandupsTests */,
			);
			name = TCA.StandupsTests;
			packageProductDependencies = (
			);
			productName = TCA.StandupsTests;
			productReference = 04FE1A2E2E7EB6BB00F2E306 /* TCA.StandupsTests.xctest */;
			productType = "com.apple.product-type.bundle.unit-test";
		};
/* End PBXNativeTarget section */

/* Begin PBXProject section */
		04FE1A192E7EB6B900F2E306 /* Project object */ = {
			isa = PBXProject;
			attributes = {
				BuildIndependentTargetsInParallel = 1;
				LastSwiftUpdateCheck = 2600;
				LastUpgradeCheck = 2600;
				TargetAttributes = {
					04FE1A202E7EB6B900F2E306 = {
						CreatedOnToolsVersion = 26.0;
					};
					04FE1A2D2E7EB6BB00F2E306 = {
						CreatedOnToolsVersion = 26.0;
						TestTargetID = 04FE1A202E7EB6B900F2E306;
					};
				};
			};
			buildConfigurationList = 04FE1A1C2E7EB6B900F2E306 /* Build configuration list for PBXProject "TCA.Standups" */;
			developmentRegion = en;
			hasScannedForEncodings = 0;
			knownRegions = (
				en,
				Base,
			);
			mainGroup = 04FE1A182E7EB6B900F2E306;
			minimizedProjectReferenceProxies = 1;
			packageReferences = (
				04FE1A4B2E7EB74C00F2E306 /* XCRemoteSwiftPackageReference "swift-composable-architecture" */,
				0497BD4D2E8294B3002F3FBD /* XCRemoteSwiftPackageReference "swift-tagged" */,
			);
			preferredProjectObjectVersion = 77;
			productRefGroup = 04FE1A222E7EB6B900F2E306 /* Products */;
			projectDirPath = "";
			projectRoot = "";
			targets = (
				04FE1A202E7EB6B900F2E306 /* TCA.Standups */,
				04FE1A2D2E7EB6BB00F2E306 /* TCA.StandupsTests */,
			);
		};
/* End PBXProject section */

/* Begin PBXResourcesBuildPhase section */
		04FE1A1F2E7EB6B900F2E306 /* Resources */ = {
			isa = PBXResourcesBuildPhase;
			buildActionMask = 2147483647;
			files = (
			);
			runOnlyForDeploymentPostprocessing = 0;
		};
		04FE1A2C2E7EB6BB00F2E306 /* Resources */ = {
			isa = PBXResourcesBuildPhase;
			buildActionMask = 2147483647;
			files = (
			);
			runOnlyForDeploymentPostprocessing = 0;
		};
/* End PBXResourcesBuildPhase section */

/* Begin PBXSourcesBuildPhase section */
		04FE1A1D2E7EB6B900F2E306 /* Sources */ = {
			isa = PBXSourcesBuildPhase;
			buildActionMask = 2147483647;
			files = (
			);
			runOnlyForDeploymentPostprocessing = 0;
		};
		04FE1A2A2E7EB6BB00F2E306 /* Sources */ = {
			isa = PBXSourcesBuildPhase;
			buildActionMask = 2147483647;
			files = (
			);
			runOnlyForDeploymentPostprocessing = 0;
		};
/* End PBXSourcesBuildPhase section */

/* Begin PBXTargetDependency section */
		04FE1A302E7EB6BB00F2E306 /* PBXTargetDependency */ = {
			isa = PBXTargetDependency;
			target = 04FE1A202E7EB6B900F2E306 /* TCA.Standups */;
			targetProxy = 04FE1A2F2E7EB6BB00F2E306 /* PBXContainerItemProxy */;
		};
/* End PBXTargetDependency section */

/* Begin XCBuildConfiguration section */
		04FE1A402E7EB6BB00F2E306 /* Debug */ = {
			isa = XCBuildConfiguration;
			buildSettings = {
				ALWAYS_SEARCH_USER_PATHS = NO;
				ASSETCATALOG_COMPILER_GENERATE_SWIFT_ASSET_SYMBOL_EXTENSIONS = YES;
				CLANG_ANALYZER_NONNULL = YES;
				CLANG_ANALYZER_NUMBER_OBJECT_CONVERSION = YES_AGGRESSIVE;
				CLANG_CXX_LANGUAGE_STANDARD = "gnu++20";
				CLANG_ENABLE_MODULES = YES;
				CLANG_ENABLE_OBJC_ARC = YES;
				CLANG_ENABLE_OBJC_WEAK = YES;
				CLANG_WARN_BLOCK_CAPTURE_AUTORELEASING = YES;
				CLANG_WARN_BOOL_CONVERSION = YES;
				CLANG_WARN_COMMA = YES;
				CLANG_WARN_CONSTANT_CONVERSION = YES;
				CLANG_WARN_DEPRECATED_OBJC_IMPLEMENTATIONS = YES;
				CLANG_WARN_DIRECT_OBJC_ISA_USAGE = YES_ERROR;
				CLANG_WARN_DOCUMENTATION_COMMENTS = YES;
				CLANG_WARN_EMPTY_BODY = YES;
				CLANG_WARN_ENUM_CONVERSION = YES;
				CLANG_WARN_INFINITE_RECURSION = YES;
				CLANG_WARN_INT_CONVERSION = YES;
				CLANG_WARN_NON_LITERAL_NULL_CONVERSION = YES;
				CLANG_WARN_OBJC_IMPLICIT_RETAIN_SELF = YES;
				CLANG_WARN_OBJC_LITERAL_CONVERSION = YES;
				CLANG_WARN_OBJC_ROOT_CLASS = YES_ERROR;
				CLANG_WARN_QUOTED_INCLUDE_IN_FRAMEWORK_HEADER = YES;
				CLANG_WARN_RANGE_LOOP_ANALYSIS = YES;
				CLANG_WARN_STRICT_PROTOTYPES = YES;
				CLANG_WARN_SUSPICIOUS_MOVE = YES;
				CLANG_WARN_UNGUARDED_AVAILABILITY = YES_AGGRESSIVE;
				CLANG_WARN_UNREACHABLE_CODE = YES;
				CLANG_WARN__DUPLICATE_METHOD_MATCH = YES;
				COPY_PHASE_STRIP = NO;
				DEBUG_INFORMATION_FORMAT = dwarf;
				ENABLE_STRICT_OBJC_MSGSEND = YES;
				ENABLE_TESTABILITY = YES;
				ENABLE_USER_SCRIPT_SANDBOXING = YES;
				GCC_C_LANGUAGE_STANDARD = gnu17;
				GCC_DYNAMIC_NO_PIC = NO;
				GCC_NO_COMMON_BLOCKS = YES;
				GCC_OPTIMIZATION_LEVEL = 0;
				GCC_PREPROCESSOR_DEFINITIONS = (
					"DEBUG=1",
					"$(inherited)",
				);
				GCC_WARN_64_TO_32_BIT_CONVERSION = YES;
				GCC_WARN_ABOUT_RETURN_TYPE = YES_ERROR;
				GCC_WARN_UNDECLARED_SELECTOR = YES;
				GCC_WARN_UNINITIALIZED_AUTOS = YES_AGGRESSIVE;
				GCC_WARN_UNUSED_FUNCTION = YES;
				GCC_WARN_UNUSED_VARIABLE = YES;
				IPHONEOS_DEPLOYMENT_TARGET = 18.0;
				LOCALIZATION_PREFERS_STRING_CATALOGS = YES;
				MTL_ENABLE_DEBUG_INFO = INCLUDE_SOURCE;
				MTL_FAST_MATH = YES;
				ONLY_ACTIVE_ARCH = YES;
				SDKROOT = iphoneos;
				SWIFT_ACTIVE_COMPILATION_CONDITIONS = "DEBUG $(inherited)";
				SWIFT_OPTIMIZATION_LEVEL = "-Onone";
				SWIFT_STRICT_CONCURRENCY = complete;
			};
			name = Debug;
		};
		04FE1A412E7EB6BB00F2E306 /* Release */ = {
			isa = XCBuildConfiguration;
			buildSettings = {
				ALWAYS_SEARCH_USER_PATHS = NO;
				ASSETCATALOG_COMPILER_GENERATE_SWIFT_ASSET_SYMBOL_EXTENSIONS = YES;
				CLANG_ANALYZER_NONNULL = YES;
				CLANG_ANALYZER_NUMBER_OBJECT_CONVERSION = YES_AGGRESSIVE;
				CLANG_CXX_LANGUAGE_STANDARD = "gnu++20";
				CLANG_ENABLE_MODULES = YES;
				CLANG_ENABLE_OBJC_ARC = YES;
				CLANG_ENABLE_OBJC_WEAK = YES;
				CLANG_WARN_BLOCK_CAPTURE_AUTORELEASING = YES;
				CLANG_WARN_BOOL_CONVERSION = YES;
				CLANG_WARN_COMMA = YES;
				CLANG_WARN_CONSTANT_CONVERSION = YES;
				CLANG_WARN_DEPRECATED_OBJC_IMPLEMENTATIONS = YES;
				CLANG_WARN_DIRECT_OBJC_ISA_USAGE = YES_ERROR;
				CLANG_WARN_DOCUMENTATION_COMMENTS = YES;
				CLANG_WARN_EMPTY_BODY = YES;
				CLANG_WARN_ENUM_CONVERSION = YES;
				CLANG_WARN_INFINITE_RECURSION = YES;
				CLANG_WARN_INT_CONVERSION = YES;
				CLANG_WARN_NON_LITERAL_NULL_CONVERSION = YES;
				CLANG_WARN_OBJC_IMPLICIT_RETAIN_SELF = YES;
				CLANG_WARN_OBJC_LITERAL_CONVERSION = YES;
				CLANG_WARN_OBJC_ROOT_CLASS = YES_ERROR;
				CLANG_WARN_QUOTED_INCLUDE_IN_FRAMEWORK_HEADER = YES;
				CLANG_WARN_RANGE_LOOP_ANALYSIS = YES;
				CLANG_WARN_STRICT_PROTOTYPES = YES;
				CLANG_WARN_SUSPICIOUS_MOVE = YES;
				CLANG_WARN_UNGUARDED_AVAILABILITY = YES_AGGRESSIVE;
				CLANG_WARN_UNREACHABLE_CODE = YES;
				CLANG_WARN__DUPLICATE_METHOD_MATCH = YES;
				COPY_PHASE_STRIP = NO;
				DEBUG_INFORMATION_FORMAT = "dwarf-with-dsym";
				ENABLE_NS_ASSERTIONS = NO;
				ENABLE_STRICT_OBJC_MSGSEND = YES;
				ENABLE_USER_SCRIPT_SANDBOXING = YES;
				GCC_C_LANGUAGE_STANDARD = gnu17;
				GCC_NO_COMMON_BLOCKS = YES;
				GCC_WARN_64_TO_32_BIT_CONVERSION = YES;
				GCC_WARN_ABOUT_RETURN_TYPE = YES_ERROR;
				GCC_WARN_UNDECLARED_SELECTOR = YES;
				GCC_WARN_UNINITIALIZED_AUTOS = YES_AGGRESSIVE;
				GCC_WARN_UNUSED_FUNCTION = YES;
				GCC_WARN_UNUSED_VARIABLE = YES;
				IPHONEOS_DEPLOYMENT_TARGET = 18.0;
				LOCALIZATION_PREFERS_STRING_CATALOGS = YES;
				MTL_ENABLE_DEBUG_INFO = NO;
				MTL_FAST_MATH = YES;
				SDKROOT = iphoneos;
				SWIFT_COMPILATION_MODE = wholemodule;
				SWIFT_STRICT_CONCURRENCY = complete;
				VALIDATE_PRODUCT = YES;
			};
			name = Release;
		};
		04FE1A432E7EB6BB00F2E306 /* Debug */ = {
			isa = XCBuildConfiguration;
			buildSettings = {
				ASSETCATALOG_COMPILER_APPICON_NAME = AppIcon;
				ASSETCATALOG_COMPILER_GLOBAL_ACCENT_COLOR_NAME = AccentColor;
				CODE_SIGN_STYLE = Automatic;
				CURRENT_PROJECT_VERSION = 1;
				ENABLE_PREVIEWS = YES;
				GENERATE_INFOPLIST_FILE = YES;
				INFOPLIST_KEY_UIApplicationSceneManifest_Generation = YES;
				INFOPLIST_KEY_UIApplicationSupportsIndirectInputEvents = YES;
				INFOPLIST_KEY_UILaunchScreen_Generation = YES;
				INFOPLIST_KEY_UISupportedInterfaceOrientations = UIInterfaceOrientationPortrait;
				IPHONEOS_DEPLOYMENT_TARGET = 18.0;
				LD_RUNPATH_SEARCH_PATHS = (
					"$(inherited)",
					"@executable_path/Frameworks",
				);
				MARKETING_VERSION = 1.0;
				OTHER_SWIFT_FLAGS = "";
				PRODUCT_BUNDLE_IDENTIFIER = "com.yarmolchuk.TCA-Standups";
				PRODUCT_NAME = "$(TARGET_NAME)";
				STRING_CATALOG_GENERATE_SYMBOLS = YES;
				SUPPORTED_PLATFORMS = "iphoneos iphonesimulator";
				SUPPORTS_MACCATALYST = NO;
				SUPPORTS_MAC_DESIGNED_FOR_IPHONE_IPAD = NO;
				SUPPORTS_XR_DESIGNED_FOR_IPHONE_IPAD = NO;
				SWIFT_APPROACHABLE_CONCURRENCY = YES;
				SWIFT_DEFAULT_ACTOR_ISOLATION = MainActor;
				SWIFT_EMIT_LOC_STRINGS = YES;
				SWIFT_STRICT_CONCURRENCY = complete;
				SWIFT_UPCOMING_FEATURE_MEMBER_IMPORT_VISIBILITY = YES;
				SWIFT_VERSION = 6.0;
				TARGETED_DEVICE_FAMILY = 1;
			};
			name = Debug;
		};
		04FE1A442E7EB6BB00F2E306 /* Release */ = {
			isa = XCBuildConfiguration;
			buildSettings = {
				ASSETCATALOG_COMPILER_APPICON_NAME = AppIcon;
				ASSETCATALOG_COMPILER_GLOBAL_ACCENT_COLOR_NAME = AccentColor;
				CODE_SIGN_STYLE = Automatic;
				CURRENT_PROJECT_VERSION = 1;
				ENABLE_PREVIEWS = YES;
				GENERATE_INFOPLIST_FILE = YES;
				INFOPLIST_KEY_UIApplicationSceneManifest_Generation = YES;
				INFOPLIST_KEY_UIApplicationSupportsIndirectInputEvents = YES;
				INFOPLIST_KEY_UILaunchScreen_Generation = YES;
				INFOPLIST_KEY_UISupportedInterfaceOrientations = UIInterfaceOrientationPortrait;
				IPHONEOS_DEPLOYMENT_TARGET = 18.0;
				LD_RUNPATH_SEARCH_PATHS = (
					"$(inherited)",
					"@executable_path/Frameworks",
				);
				MARKETING_VERSION = 1.0;
				OTHER_SWIFT_FLAGS = "";
				PRODUCT_BUNDLE_IDENTIFIER = "com.yarmolchuk.TCA-Standups";
				PRODUCT_NAME = "$(TARGET_NAME)";
				STRING_CATALOG_GENERATE_SYMBOLS = YES;
				SUPPORTED_PLATFORMS = "iphoneos iphonesimulator";
				SUPPORTS_MACCATALYST = NO;
				SUPPORTS_MAC_DESIGNED_FOR_IPHONE_IPAD = NO;
				SUPPORTS_XR_DESIGNED_FOR_IPHONE_IPAD = NO;
				SWIFT_APPROACHABLE_CONCURRENCY = YES;
				SWIFT_DEFAULT_ACTOR_ISOLATION = MainActor;
				SWIFT_EMIT_LOC_STRINGS = YES;
				SWIFT_STRICT_CONCURRENCY = complete;
				SWIFT_UPCOMING_FEATURE_MEMBER_IMPORT_VISIBILITY = YES;
				SWIFT_VERSION = 6.0;
				TARGETED_DEVICE_FAMILY = 1;
			};
			name = Release;
		};
		04FE1A462E7EB6BB00F2E306 /* Debug */ = {
			isa = XCBuildConfiguration;
			buildSettings = {
				BUNDLE_LOADER = "$(TEST_HOST)";
				CODE_SIGN_STYLE = Automatic;
				CURRENT_PROJECT_VERSION = 1;
				GENERATE_INFOPLIST_FILE = YES;
				IPHONEOS_DEPLOYMENT_TARGET = 18.0;
				MARKETING_VERSION = 1.0;
				PRODUCT_BUNDLE_IDENTIFIER = "com.yarmolchuk.TCA-StandupsTests";
				PRODUCT_NAME = "$(TARGET_NAME)";
				STRING_CATALOG_GENERATE_SYMBOLS = NO;
				SWIFT_APPROACHABLE_CONCURRENCY = YES;
				SWIFT_EMIT_LOC_STRINGS = NO;
				SWIFT_UPCOMING_FEATURE_MEMBER_IMPORT_VISIBILITY = YES;
				SWIFT_VERSION = 5.0;
				TARGETED_DEVICE_FAMILY = "1,2";
				TEST_HOST = "$(BUILT_PRODUCTS_DIR)/TCA.Standups.app/$(BUNDLE_EXECUTABLE_FOLDER_PATH)/TCA.Standups";
			};
			name = Debug;
		};
		04FE1A472E7EB6BB00F2E306 /* Release */ = {
			isa = XCBuildConfiguration;
			buildSettings = {
				BUNDLE_LOADER = "$(TEST_HOST)";
				CODE_SIGN_STYLE = Automatic;
				CURRENT_PROJECT_VERSION = 1;
				GENERATE_INFOPLIST_FILE = YES;
				IPHONEOS_DEPLOYMENT_TARGET = 18.0;
				MARKETING_VERSION = 1.0;
				PRODUCT_BUNDLE_IDENTIFIER = "com.yarmolchuk.TCA-StandupsTests";
				PRODUCT_NAME = "$(TARGET_NAME)";
				STRING_CATALOG_GENERATE_SYMBOLS = NO;
				SWIFT_APPROACHABLE_CONCURRENCY = YES;
				SWIFT_EMIT_LOC_STRINGS = NO;
				SWIFT_UPCOMING_FEATURE_MEMBER_IMPORT_VISIBILITY = YES;
				SWIFT_VERSION = 5.0;
				TARGETED_DEVICE_FAMILY = "1,2";
				TEST_HOST = "$(BUILT_PRODUCTS_DIR)/TCA.Standups.app/$(BUNDLE_EXECUTABLE_FOLDER_PATH)/TCA.Standups";
			};
			name = Release;
		};
/* End XCBuildConfiguration section */

/* Begin XCConfigurationList section */
		04FE1A1C2E7EB6B900F2E306 /* Build configuration list for PBXProject "TCA.Standups" */ = {
			isa = XCConfigurationList;
			buildConfigurations = (
				04FE1A402E7EB6BB00F2E306 /* Debug */,
				04FE1A412E7EB6BB00F2E306 /* Release */,
			);
			defaultConfigurationIsVisible = 0;
			defaultConfigurationName = Release;
		};
		04FE1A422E7EB6BB00F2E306 /* Build configuration list for PBXNativeTarget "TCA.Standups" */ = {
			isa = XCConfigurationList;
			buildConfigurations = (
				04FE1A432E7EB6BB00F2E306 /* Debug */,
				04FE1A442E7EB6BB00F2E306 /* Release */,
			);
			defaultConfigurationIsVisible = 0;
			defaultConfigurationName = Release;
		};
		04FE1A452E7EB6BB00F2E306 /* Build configuration list for PBXNativeTarget "TCA.StandupsTests" */ = {
			isa = XCConfigurationList;
			buildConfigurations = (
				04FE1A462E7EB6BB00F2E306 /* Debug */,
				04FE1A472E7EB6BB00F2E306 /* Release */,
			);
			defaultConfigurationIsVisible = 0;
			defaultConfigurationName = Release;
		};
/* End XCConfigurationList section */

/* Begin XCRemoteSwiftPackageReference section */
		0497BD4D2E8294B3002F3FBD /* XCRemoteSwiftPackageReference "swift-tagged" */ = {
			isa = XCRemoteSwiftPackageReference;
			repositoryURL = "https://github.com/pointfreeco/swift-tagged.git";
			requirement = {
				kind = exactVersion;
				version = 0.10.0;
			};
		};
		04FE1A4B2E7EB74C00F2E306 /* XCRemoteSwiftPackageReference "swift-composable-architecture" */ = {
			isa = XCRemoteSwiftPackageReference;
			repositoryURL = "https://github.com/pointfreeco/swift-composable-architecture";
			requirement = {
				kind = exactVersion;
				version = 1.22.3;
			};
		};
/* End XCRemoteSwiftPackageReference section */

/* Begin XCSwiftPackageProductDependency section */
		0497BD4E2E8294B3002F3FBD /* Tagged */ = {
			isa = XCSwiftPackageProductDependency;
			package = 0497BD4D2E8294B3002F3FBD /* XCRemoteSwiftPackageReference "swift-tagged" */;
			productName = Tagged;
		};
		04FE1A4C2E7EB74C00F2E306 /* ComposableArchitecture */ = {
			isa = XCSwiftPackageProductDependency;
			package = 04FE1A4B2E7EB74C00F2E306 /* XCRemoteSwiftPackageReference "swift-composable-architecture" */;
			productName = ComposableArchitecture;
		};
/* End XCSwiftPackageProductDependency section */
	};
	rootObject = 04FE1A192E7EB6B900F2E306 /* Project object */;
}
